// !$*UTF8*$!
{
	archiveVersion = 1;
	classes = {
	};
	objectVersion = 46;
	objects = {

/* Begin PBXBuildFile section */
		B91B05D91BEE096900C66059 /* DevoxxCache.swift in Sources */ = {isa = PBXBuildFile; fileRef = B91B05D81BEE096900C66059 /* DevoxxCache.swift */; };
		B91B05DC1BEE0A3500C66059 /* Smartvoxx.xcdatamodeld in Sources */ = {isa = PBXBuildFile; fileRef = B91B05DA1BEE0A3500C66059 /* Smartvoxx.xcdatamodeld */; };
		B91B05EA1BEE0EF800C66059 /* Conference+CoreDataProperties.swift in Sources */ = {isa = PBXBuildFile; fileRef = B91B05E71BEE0EF800C66059 /* Conference+CoreDataProperties.swift */; };
		B91B05EB1BEE0EF800C66059 /* Conference.swift in Sources */ = {isa = PBXBuildFile; fileRef = B91B05E81BEE0EF800C66059 /* Conference.swift */; };
		B91B05EF1BEE0F5600C66059 /* Schedule+CoreDataProperties.swift in Sources */ = {isa = PBXBuildFile; fileRef = B91B05ED1BEE0F5600C66059 /* Schedule+CoreDataProperties.swift */; };
		B91B05F01BEE0F5600C66059 /* Schedule.swift in Sources */ = {isa = PBXBuildFile; fileRef = B91B05EE1BEE0F5600C66059 /* Schedule.swift */; };
		B91B05F21BEE1F4600C66059 /* CoreData.framework in Frameworks */ = {isa = PBXBuildFile; fileRef = B91B05F11BEE1F4600C66059 /* CoreData.framework */; };
		B944C9461BDBB41200AFEEB4 /* ScheduleInterfaceController.swift in Sources */ = {isa = PBXBuildFile; fileRef = B944C9451BDBB41200AFEEB4 /* ScheduleInterfaceController.swift */; };
		B9EC62201BDB881A0023A066 /* AppDelegate.swift in Sources */ = {isa = PBXBuildFile; fileRef = B9EC621F1BDB881A0023A066 /* AppDelegate.swift */; };
		B9EC62221BDB881A0023A066 /* ViewController.swift in Sources */ = {isa = PBXBuildFile; fileRef = B9EC62211BDB881A0023A066 /* ViewController.swift */; };
		B9EC62251BDB881A0023A066 /* Main.storyboard in Resources */ = {isa = PBXBuildFile; fileRef = B9EC62231BDB881A0023A066 /* Main.storyboard */; };
		B9EC62271BDB881A0023A066 /* Assets.xcassets in Resources */ = {isa = PBXBuildFile; fileRef = B9EC62261BDB881A0023A066 /* Assets.xcassets */; };
		B9EC622A1BDB881A0023A066 /* LaunchScreen.storyboard in Resources */ = {isa = PBXBuildFile; fileRef = B9EC62281BDB881A0023A066 /* LaunchScreen.storyboard */; };
		B9EC62351BDB881A0023A066 /* SmartvoxxTests.swift in Sources */ = {isa = PBXBuildFile; fileRef = B9EC62341BDB881A0023A066 /* SmartvoxxTests.swift */; };
		B9EC62401BDB881A0023A066 /* SmartvoxxUITests.swift in Sources */ = {isa = PBXBuildFile; fileRef = B9EC623F1BDB881A0023A066 /* SmartvoxxUITests.swift */; };
		B9EC62451BDB881A0023A066 /* Smartvoxx WatchKit App.app in Embed Watch Content */ = {isa = PBXBuildFile; fileRef = B9EC62441BDB881A0023A066 /* Smartvoxx WatchKit App.app */; };
		B9EC624B1BDB881A0023A066 /* Interface.storyboard in Resources */ = {isa = PBXBuildFile; fileRef = B9EC62491BDB881A0023A066 /* Interface.storyboard */; };
		B9EC624D1BDB881A0023A066 /* Assets.xcassets in Resources */ = {isa = PBXBuildFile; fileRef = B9EC624C1BDB881A0023A066 /* Assets.xcassets */; };
		B9EC62541BDB881B0023A066 /* Smartvoxx WatchKit Extension.appex in Embed App Extensions */ = {isa = PBXBuildFile; fileRef = B9EC62531BDB881B0023A066 /* Smartvoxx WatchKit Extension.appex */; settings = {ATTRIBUTES = (RemoveHeadersOnCopy, ); }; };
		B9EC625B1BDB881B0023A066 /* InterfaceController.swift in Sources */ = {isa = PBXBuildFile; fileRef = B9EC625A1BDB881B0023A066 /* InterfaceController.swift */; };
		B9EC625D1BDB881B0023A066 /* ExtensionDelegate.swift in Sources */ = {isa = PBXBuildFile; fileRef = B9EC625C1BDB881B0023A066 /* ExtensionDelegate.swift */; };
		B9EC625F1BDB881B0023A066 /* NotificationController.swift in Sources */ = {isa = PBXBuildFile; fileRef = B9EC625E1BDB881B0023A066 /* NotificationController.swift */; };
		B9EC62611BDB881B0023A066 /* GlanceController.swift in Sources */ = {isa = PBXBuildFile; fileRef = B9EC62601BDB881B0023A066 /* GlanceController.swift */; };
		B9EC62631BDB881B0023A066 /* ComplicationController.swift in Sources */ = {isa = PBXBuildFile; fileRef = B9EC62621BDB881B0023A066 /* ComplicationController.swift */; };
		B9EC62651BDB881B0023A066 /* Assets.xcassets in Resources */ = {isa = PBXBuildFile; fileRef = B9EC62641BDB881B0023A066 /* Assets.xcassets */; };
		B9EC627B1BDB8EF20023A066 /* Devoxx.swift in Sources */ = {isa = PBXBuildFile; fileRef = B9EC627A1BDB8EF20023A066 /* Devoxx.swift */; };
		B9EC62801BDBAB4A0023A066 /* ScheduleRowController.swift in Sources */ = {isa = PBXBuildFile; fileRef = B9EC627F1BDBAB4A0023A066 /* ScheduleRowController.swift */; };
/* End PBXBuildFile section */

/* Begin PBXContainerItemProxy section */
		B9EC62311BDB881A0023A066 /* PBXContainerItemProxy */ = {
			isa = PBXContainerItemProxy;
			containerPortal = B9EC62141BDB881A0023A066 /* Project object */;
			proxyType = 1;
			remoteGlobalIDString = B9EC621B1BDB881A0023A066;
			remoteInfo = Smartvoxx;
		};
		B9EC623C1BDB881A0023A066 /* PBXContainerItemProxy */ = {
			isa = PBXContainerItemProxy;
			containerPortal = B9EC62141BDB881A0023A066 /* Project object */;
			proxyType = 1;
			remoteGlobalIDString = B9EC621B1BDB881A0023A066;
			remoteInfo = Smartvoxx;
		};
		B9EC62461BDB881A0023A066 /* PBXContainerItemProxy */ = {
			isa = PBXContainerItemProxy;
			containerPortal = B9EC62141BDB881A0023A066 /* Project object */;
			proxyType = 1;
			remoteGlobalIDString = B9EC62431BDB881A0023A066;
			remoteInfo = "Smartvoxx WatchKit App";
		};
		B9EC62551BDB881B0023A066 /* PBXContainerItemProxy */ = {
			isa = PBXContainerItemProxy;
			containerPortal = B9EC62141BDB881A0023A066 /* Project object */;
			proxyType = 1;
			remoteGlobalIDString = B9EC62521BDB881B0023A066;
			remoteInfo = "Smartvoxx WatchKit Extension";
		};
/* End PBXContainerItemProxy section */

/* Begin PBXCopyFilesBuildPhase section */
		B9EC626C1BDB881B0023A066 /* Embed App Extensions */ = {
			isa = PBXCopyFilesBuildPhase;
			buildActionMask = 2147483647;
			dstPath = "";
			dstSubfolderSpec = 13;
			files = (
				B9EC62541BDB881B0023A066 /* Smartvoxx WatchKit Extension.appex in Embed App Extensions */,
			);
			name = "Embed App Extensions";
			runOnlyForDeploymentPostprocessing = 0;
		};
		B9EC62701BDB881B0023A066 /* Embed Watch Content */ = {
			isa = PBXCopyFilesBuildPhase;
			buildActionMask = 2147483647;
			dstPath = "$(CONTENTS_FOLDER_PATH)/Watch";
			dstSubfolderSpec = 16;
			files = (
				B9EC62451BDB881A0023A066 /* Smartvoxx WatchKit App.app in Embed Watch Content */,
			);
			name = "Embed Watch Content";
			runOnlyForDeploymentPostprocessing = 0;
		};
/* End PBXCopyFilesBuildPhase section */

/* Begin PBXFileReference section */
		B91B05D61BEE092800C66059 /* CoreData.framework */ = {isa = PBXFileReference; lastKnownFileType = wrapper.framework; name = CoreData.framework; path = Platforms/WatchOS.platform/Developer/SDKs/WatchOS2.0.sdk/System/Library/Frameworks/CoreData.framework; sourceTree = DEVELOPER_DIR; };
		B91B05D81BEE096900C66059 /* DevoxxCache.swift */ = {isa = PBXFileReference; fileEncoding = 4; lastKnownFileType = sourcecode.swift; path = DevoxxCache.swift; sourceTree = "<group>"; };
		B91B05DB1BEE0A3500C66059 /* Smartvoxx.xcdatamodel */ = {isa = PBXFileReference; lastKnownFileType = wrapper.xcdatamodel; path = Smartvoxx.xcdatamodel; sourceTree = "<group>"; };
		B91B05E71BEE0EF800C66059 /* Conference+CoreDataProperties.swift */ = {isa = PBXFileReference; fileEncoding = 4; lastKnownFileType = sourcecode.swift; name = "Conference+CoreDataProperties.swift"; path = "Model/Conference+CoreDataProperties.swift"; sourceTree = "<group>"; };
		B91B05E81BEE0EF800C66059 /* Conference.swift */ = {isa = PBXFileReference; fileEncoding = 4; lastKnownFileType = sourcecode.swift; name = Conference.swift; path = Model/Conference.swift; sourceTree = "<group>"; };
		B91B05ED1BEE0F5600C66059 /* Schedule+CoreDataProperties.swift */ = {isa = PBXFileReference; fileEncoding = 4; lastKnownFileType = sourcecode.swift; name = "Schedule+CoreDataProperties.swift"; path = "Model/Schedule+CoreDataProperties.swift"; sourceTree = "<group>"; };
		B91B05EE1BEE0F5600C66059 /* Schedule.swift */ = {isa = PBXFileReference; fileEncoding = 4; lastKnownFileType = sourcecode.swift; name = Schedule.swift; path = Model/Schedule.swift; sourceTree = "<group>"; };
		B91B05F11BEE1F4600C66059 /* CoreData.framework */ = {isa = PBXFileReference; lastKnownFileType = wrapper.framework; name = CoreData.framework; path = System/Library/Frameworks/CoreData.framework; sourceTree = SDKROOT; };
		B944C9451BDBB41200AFEEB4 /* ScheduleInterfaceController.swift */ = {isa = PBXFileReference; fileEncoding = 4; lastKnownFileType = sourcecode.swift; path = ScheduleInterfaceController.swift; sourceTree = "<group>"; };
		B9EC621C1BDB881A0023A066 /* Smartvoxx.app */ = {isa = PBXFileReference; explicitFileType = wrapper.application; includeInIndex = 0; path = Smartvoxx.app; sourceTree = BUILT_PRODUCTS_DIR; };
		B9EC621F1BDB881A0023A066 /* AppDelegate.swift */ = {isa = PBXFileReference; lastKnownFileType = sourcecode.swift; path = AppDelegate.swift; sourceTree = "<group>"; };
		B9EC62211BDB881A0023A066 /* ViewController.swift */ = {isa = PBXFileReference; lastKnownFileType = sourcecode.swift; path = ViewController.swift; sourceTree = "<group>"; };
		B9EC62241BDB881A0023A066 /* Base */ = {isa = PBXFileReference; lastKnownFileType = file.storyboard; name = Base; path = Base.lproj/Main.storyboard; sourceTree = "<group>"; };
		B9EC62261BDB881A0023A066 /* Assets.xcassets */ = {isa = PBXFileReference; lastKnownFileType = folder.assetcatalog; path = Assets.xcassets; sourceTree = "<group>"; };
		B9EC62291BDB881A0023A066 /* Base */ = {isa = PBXFileReference; lastKnownFileType = file.storyboard; name = Base; path = Base.lproj/LaunchScreen.storyboard; sourceTree = "<group>"; };
		B9EC622B1BDB881A0023A066 /* Info.plist */ = {isa = PBXFileReference; lastKnownFileType = text.plist.xml; path = Info.plist; sourceTree = "<group>"; };
		B9EC62301BDB881A0023A066 /* SmartvoxxTests.xctest */ = {isa = PBXFileReference; explicitFileType = wrapper.cfbundle; includeInIndex = 0; path = SmartvoxxTests.xctest; sourceTree = BUILT_PRODUCTS_DIR; };
		B9EC62341BDB881A0023A066 /* SmartvoxxTests.swift */ = {isa = PBXFileReference; lastKnownFileType = sourcecode.swift; path = SmartvoxxTests.swift; sourceTree = "<group>"; };
		B9EC62361BDB881A0023A066 /* Info.plist */ = {isa = PBXFileReference; lastKnownFileType = text.plist.xml; path = Info.plist; sourceTree = "<group>"; };
		B9EC623B1BDB881A0023A066 /* SmartvoxxUITests.xctest */ = {isa = PBXFileReference; explicitFileType = wrapper.cfbundle; includeInIndex = 0; path = SmartvoxxUITests.xctest; sourceTree = BUILT_PRODUCTS_DIR; };
		B9EC623F1BDB881A0023A066 /* SmartvoxxUITests.swift */ = {isa = PBXFileReference; lastKnownFileType = sourcecode.swift; path = SmartvoxxUITests.swift; sourceTree = "<group>"; };
		B9EC62411BDB881A0023A066 /* Info.plist */ = {isa = PBXFileReference; lastKnownFileType = text.plist.xml; path = Info.plist; sourceTree = "<group>"; };
		B9EC62441BDB881A0023A066 /* Smartvoxx WatchKit App.app */ = {isa = PBXFileReference; explicitFileType = wrapper.application; includeInIndex = 0; path = "Smartvoxx WatchKit App.app"; sourceTree = BUILT_PRODUCTS_DIR; };
		B9EC624A1BDB881A0023A066 /* Base */ = {isa = PBXFileReference; lastKnownFileType = file.storyboard; name = Base; path = Base.lproj/Interface.storyboard; sourceTree = "<group>"; };
		B9EC624C1BDB881A0023A066 /* Assets.xcassets */ = {isa = PBXFileReference; lastKnownFileType = folder.assetcatalog; path = Assets.xcassets; sourceTree = "<group>"; };
		B9EC624E1BDB881A0023A066 /* Info.plist */ = {isa = PBXFileReference; lastKnownFileType = text.plist.xml; path = Info.plist; sourceTree = "<group>"; };
		B9EC62531BDB881B0023A066 /* Smartvoxx WatchKit Extension.appex */ = {isa = PBXFileReference; explicitFileType = "wrapper.app-extension"; includeInIndex = 0; path = "Smartvoxx WatchKit Extension.appex"; sourceTree = BUILT_PRODUCTS_DIR; };
		B9EC62591BDB881B0023A066 /* PushNotificationPayload.apns */ = {isa = PBXFileReference; lastKnownFileType = text; path = PushNotificationPayload.apns; sourceTree = "<group>"; };
		B9EC625A1BDB881B0023A066 /* InterfaceController.swift */ = {isa = PBXFileReference; lastKnownFileType = sourcecode.swift; path = InterfaceController.swift; sourceTree = "<group>"; };
		B9EC625C1BDB881B0023A066 /* ExtensionDelegate.swift */ = {isa = PBXFileReference; lastKnownFileType = sourcecode.swift; path = ExtensionDelegate.swift; sourceTree = "<group>"; };
		B9EC625E1BDB881B0023A066 /* NotificationController.swift */ = {isa = PBXFileReference; lastKnownFileType = sourcecode.swift; path = NotificationController.swift; sourceTree = "<group>"; };
		B9EC62601BDB881B0023A066 /* GlanceController.swift */ = {isa = PBXFileReference; lastKnownFileType = sourcecode.swift; path = GlanceController.swift; sourceTree = "<group>"; };
		B9EC62621BDB881B0023A066 /* ComplicationController.swift */ = {isa = PBXFileReference; lastKnownFileType = sourcecode.swift; path = ComplicationController.swift; sourceTree = "<group>"; };
		B9EC62641BDB881B0023A066 /* Assets.xcassets */ = {isa = PBXFileReference; lastKnownFileType = folder.assetcatalog; path = Assets.xcassets; sourceTree = "<group>"; };
		B9EC62661BDB881B0023A066 /* Info.plist */ = {isa = PBXFileReference; lastKnownFileType = text.plist.xml; path = Info.plist; sourceTree = "<group>"; };
		B9EC627A1BDB8EF20023A066 /* Devoxx.swift */ = {isa = PBXFileReference; fileEncoding = 4; lastKnownFileType = sourcecode.swift; path = Devoxx.swift; sourceTree = "<group>"; };
		B9EC627F1BDBAB4A0023A066 /* ScheduleRowController.swift */ = {isa = PBXFileReference; fileEncoding = 4; lastKnownFileType = sourcecode.swift; path = ScheduleRowController.swift; sourceTree = "<group>"; };
/* End PBXFileReference section */

/* Begin PBXFrameworksBuildPhase section */
		B9EC62191BDB881A0023A066 /* Frameworks */ = {
			isa = PBXFrameworksBuildPhase;
			buildActionMask = 2147483647;
			files = (
				B91B05F21BEE1F4600C66059 /* CoreData.framework in Frameworks */,
			);
			runOnlyForDeploymentPostprocessing = 0;
		};
		B9EC622D1BDB881A0023A066 /* Frameworks */ = {
			isa = PBXFrameworksBuildPhase;
			buildActionMask = 2147483647;
			files = (
			);
			runOnlyForDeploymentPostprocessing = 0;
		};
		B9EC62381BDB881A0023A066 /* Frameworks */ = {
			isa = PBXFrameworksBuildPhase;
			buildActionMask = 2147483647;
			files = (
			);
			runOnlyForDeploymentPostprocessing = 0;
		};
		B9EC62501BDB881B0023A066 /* Frameworks */ = {
			isa = PBXFrameworksBuildPhase;
			buildActionMask = 2147483647;
			files = (
			);
			runOnlyForDeploymentPostprocessing = 0;
		};
/* End PBXFrameworksBuildPhase section */

/* Begin PBXGroup section */
		B9EC62131BDB881A0023A066 = {
			isa = PBXGroup;
			children = (
				B91B05F11BEE1F4600C66059 /* CoreData.framework */,
				B9EC621E1BDB881A0023A066 /* Smartvoxx */,
				B9EC62331BDB881A0023A066 /* SmartvoxxTests */,
				B9EC623E1BDB881A0023A066 /* SmartvoxxUITests */,
				B9EC62481BDB881A0023A066 /* Smartvoxx WatchKit App */,
				B9EC62571BDB881B0023A066 /* Smartvoxx WatchKit Extension */,
				B9EC621D1BDB881A0023A066 /* Products */,
			);
			sourceTree = "<group>";
		};
		B9EC621D1BDB881A0023A066 /* Products */ = {
			isa = PBXGroup;
			children = (
				B9EC621C1BDB881A0023A066 /* Smartvoxx.app */,
				B9EC62301BDB881A0023A066 /* SmartvoxxTests.xctest */,
				B9EC623B1BDB881A0023A066 /* SmartvoxxUITests.xctest */,
				B9EC62441BDB881A0023A066 /* Smartvoxx WatchKit App.app */,
				B9EC62531BDB881B0023A066 /* Smartvoxx WatchKit Extension.appex */,
			);
			name = Products;
			sourceTree = "<group>";
		};
		B9EC621E1BDB881A0023A066 /* Smartvoxx */ = {
			isa = PBXGroup;
			children = (
				B91B05D61BEE092800C66059 /* CoreData.framework */,
				B9EC621F1BDB881A0023A066 /* AppDelegate.swift */,
				B9EC62211BDB881A0023A066 /* ViewController.swift */,
				B9EC62231BDB881A0023A066 /* Main.storyboard */,
				B9EC62261BDB881A0023A066 /* Assets.xcassets */,
				B9EC62281BDB881A0023A066 /* LaunchScreen.storyboard */,
				B9EC622B1BDB881A0023A066 /* Info.plist */,
			);
			path = Smartvoxx;
			sourceTree = "<group>";
		};
		B9EC62331BDB881A0023A066 /* SmartvoxxTests */ = {
			isa = PBXGroup;
			children = (
				B9EC62341BDB881A0023A066 /* SmartvoxxTests.swift */,
				B9EC62361BDB881A0023A066 /* Info.plist */,
			);
			path = SmartvoxxTests;
			sourceTree = "<group>";
		};
		B9EC623E1BDB881A0023A066 /* SmartvoxxUITests */ = {
			isa = PBXGroup;
			children = (
				B9EC623F1BDB881A0023A066 /* SmartvoxxUITests.swift */,
				B9EC62411BDB881A0023A066 /* Info.plist */,
			);
			path = SmartvoxxUITests;
			sourceTree = "<group>";
		};
		B9EC62481BDB881A0023A066 /* Smartvoxx WatchKit App */ = {
			isa = PBXGroup;
			children = (
				B9EC62491BDB881A0023A066 /* Interface.storyboard */,
				B9EC624C1BDB881A0023A066 /* Assets.xcassets */,
				B9EC624E1BDB881A0023A066 /* Info.plist */,
			);
			path = "Smartvoxx WatchKit App";
			sourceTree = "<group>";
		};
		B9EC62571BDB881B0023A066 /* Smartvoxx WatchKit Extension */ = {
			isa = PBXGroup;
			children = (
				B9EC627C1BDBA7860023A066 /* Model */,
				B9EC625A1BDB881B0023A066 /* InterfaceController.swift */,
				B9EC625C1BDB881B0023A066 /* ExtensionDelegate.swift */,
				B9EC625E1BDB881B0023A066 /* NotificationController.swift */,
				B9EC62601BDB881B0023A066 /* GlanceController.swift */,
				B9EC62621BDB881B0023A066 /* ComplicationController.swift */,
				B9EC62641BDB881B0023A066 /* Assets.xcassets */,
				B9EC62661BDB881B0023A066 /* Info.plist */,
				B9EC62581BDB881B0023A066 /* Supporting Files */,
				B9EC627A1BDB8EF20023A066 /* Devoxx.swift */,
				B9EC627F1BDBAB4A0023A066 /* ScheduleRowController.swift */,
				B944C9451BDBB41200AFEEB4 /* ScheduleInterfaceController.swift */,
				B91B05D81BEE096900C66059 /* DevoxxCache.swift */,
				B91B05DA1BEE0A3500C66059 /* Smartvoxx.xcdatamodeld */,
			);
			path = "Smartvoxx WatchKit Extension";
			sourceTree = "<group>";
		};
		B9EC62581BDB881B0023A066 /* Supporting Files */ = {
			isa = PBXGroup;
			children = (
				B9EC62591BDB881B0023A066 /* PushNotificationPayload.apns */,
			);
			name = "Supporting Files";
			sourceTree = "<group>";
		};
		B9EC627C1BDBA7860023A066 /* Model */ = {
			isa = PBXGroup;
			children = (
				B91B05ED1BEE0F5600C66059 /* Schedule+CoreDataProperties.swift */,
				B91B05EE1BEE0F5600C66059 /* Schedule.swift */,
				B91B05E71BEE0EF800C66059 /* Conference+CoreDataProperties.swift */,
				B91B05E81BEE0EF800C66059 /* Conference.swift */,
			);
			name = Model;
			sourceTree = "<group>";
		};
/* End PBXGroup section */

/* Begin PBXNativeTarget section */
		B9EC621B1BDB881A0023A066 /* Smartvoxx */ = {
			isa = PBXNativeTarget;
			buildConfigurationList = B9EC62711BDB881B0023A066 /* Build configuration list for PBXNativeTarget "Smartvoxx" */;
			buildPhases = (
				B9EC62181BDB881A0023A066 /* Sources */,
				B9EC62191BDB881A0023A066 /* Frameworks */,
				B9EC621A1BDB881A0023A066 /* Resources */,
				B9EC62701BDB881B0023A066 /* Embed Watch Content */,
			);
			buildRules = (
			);
			dependencies = (
				B9EC62471BDB881A0023A066 /* PBXTargetDependency */,
			);
			name = Smartvoxx;
			productName = Smartvoxx;
			productReference = B9EC621C1BDB881A0023A066 /* Smartvoxx.app */;
			productType = "com.apple.product-type.application";
		};
		B9EC622F1BDB881A0023A066 /* SmartvoxxTests */ = {
			isa = PBXNativeTarget;
			buildConfigurationList = B9EC62741BDB881B0023A066 /* Build configuration list for PBXNativeTarget "SmartvoxxTests" */;
			buildPhases = (
				B9EC622C1BDB881A0023A066 /* Sources */,
				B9EC622D1BDB881A0023A066 /* Frameworks */,
				B9EC622E1BDB881A0023A066 /* Resources */,
			);
			buildRules = (
			);
			dependencies = (
				B9EC62321BDB881A0023A066 /* PBXTargetDependency */,
			);
			name = SmartvoxxTests;
			productName = SmartvoxxTests;
			productReference = B9EC62301BDB881A0023A066 /* SmartvoxxTests.xctest */;
			productType = "com.apple.product-type.bundle.unit-test";
		};
		B9EC623A1BDB881A0023A066 /* SmartvoxxUITests */ = {
			isa = PBXNativeTarget;
			buildConfigurationList = B9EC62771BDB881B0023A066 /* Build configuration list for PBXNativeTarget "SmartvoxxUITests" */;
			buildPhases = (
				B9EC62371BDB881A0023A066 /* Sources */,
				B9EC62381BDB881A0023A066 /* Frameworks */,
				B9EC62391BDB881A0023A066 /* Resources */,
			);
			buildRules = (
			);
			dependencies = (
				B9EC623D1BDB881A0023A066 /* PBXTargetDependency */,
			);
			name = SmartvoxxUITests;
			productName = SmartvoxxUITests;
			productReference = B9EC623B1BDB881A0023A066 /* SmartvoxxUITests.xctest */;
			productType = "com.apple.product-type.bundle.ui-testing";
		};
		B9EC62431BDB881A0023A066 /* Smartvoxx WatchKit App */ = {
			isa = PBXNativeTarget;
			buildConfigurationList = B9EC626D1BDB881B0023A066 /* Build configuration list for PBXNativeTarget "Smartvoxx WatchKit App" */;
			buildPhases = (
				B9EC62421BDB881A0023A066 /* Resources */,
				B9EC626C1BDB881B0023A066 /* Embed App Extensions */,
			);
			buildRules = (
			);
			dependencies = (
				B9EC62561BDB881B0023A066 /* PBXTargetDependency */,
			);
			name = "Smartvoxx WatchKit App";
			productName = "Smartvoxx WatchKit App";
			productReference = B9EC62441BDB881A0023A066 /* Smartvoxx WatchKit App.app */;
			productType = "com.apple.product-type.application.watchapp2";
		};
		B9EC62521BDB881B0023A066 /* Smartvoxx WatchKit Extension */ = {
			isa = PBXNativeTarget;
			buildConfigurationList = B9EC62691BDB881B0023A066 /* Build configuration list for PBXNativeTarget "Smartvoxx WatchKit Extension" */;
			buildPhases = (
				B9EC624F1BDB881B0023A066 /* Sources */,
				B9EC62501BDB881B0023A066 /* Frameworks */,
				B9EC62511BDB881B0023A066 /* Resources */,
			);
			buildRules = (
			);
			dependencies = (
			);
			name = "Smartvoxx WatchKit Extension";
			productName = "Smartvoxx WatchKit Extension";
			productReference = B9EC62531BDB881B0023A066 /* Smartvoxx WatchKit Extension.appex */;
			productType = "com.apple.product-type.watchkit2-extension";
		};
/* End PBXNativeTarget section */

/* Begin PBXProject section */
		B9EC62141BDB881A0023A066 /* Project object */ = {
			isa = PBXProject;
			attributes = {
				LastSwiftUpdateCheck = 0710;
				LastUpgradeCheck = 0710;
				ORGANIZATIONNAME = Epseelon;
				TargetAttributes = {
					B9EC621B1BDB881A0023A066 = {
						CreatedOnToolsVersion = 7.1;
					};
					B9EC622F1BDB881A0023A066 = {
						CreatedOnToolsVersion = 7.1;
						TestTargetID = B9EC621B1BDB881A0023A066;
					};
					B9EC623A1BDB881A0023A066 = {
						CreatedOnToolsVersion = 7.1;
						TestTargetID = B9EC621B1BDB881A0023A066;
					};
					B9EC62431BDB881A0023A066 = {
						CreatedOnToolsVersion = 7.1;
					};
					B9EC62521BDB881B0023A066 = {
						CreatedOnToolsVersion = 7.1;
					};
				};
			};
			buildConfigurationList = B9EC62171BDB881A0023A066 /* Build configuration list for PBXProject "Smartvoxx" */;
			compatibilityVersion = "Xcode 3.2";
			developmentRegion = English;
			hasScannedForEncodings = 0;
			knownRegions = (
				en,
				Base,
			);
			mainGroup = B9EC62131BDB881A0023A066;
			productRefGroup = B9EC621D1BDB881A0023A066 /* Products */;
			projectDirPath = "";
			projectRoot = "";
			targets = (
				B9EC621B1BDB881A0023A066 /* Smartvoxx */,
				B9EC622F1BDB881A0023A066 /* SmartvoxxTests */,
				B9EC623A1BDB881A0023A066 /* SmartvoxxUITests */,
				B9EC62431BDB881A0023A066 /* Smartvoxx WatchKit App */,
				B9EC62521BDB881B0023A066 /* Smartvoxx WatchKit Extension */,
			);
		};
/* End PBXProject section */

/* Begin PBXResourcesBuildPhase section */
		B9EC621A1BDB881A0023A066 /* Resources */ = {
			isa = PBXResourcesBuildPhase;
			buildActionMask = 2147483647;
			files = (
				B9EC622A1BDB881A0023A066 /* LaunchScreen.storyboard in Resources */,
				B9EC62271BDB881A0023A066 /* Assets.xcassets in Resources */,
				B9EC62251BDB881A0023A066 /* Main.storyboard in Resources */,
			);
			runOnlyForDeploymentPostprocessing = 0;
		};
		B9EC622E1BDB881A0023A066 /* Resources */ = {
			isa = PBXResourcesBuildPhase;
			buildActionMask = 2147483647;
			files = (
			);
			runOnlyForDeploymentPostprocessing = 0;
		};
		B9EC62391BDB881A0023A066 /* Resources */ = {
			isa = PBXResourcesBuildPhase;
			buildActionMask = 2147483647;
			files = (
			);
			runOnlyForDeploymentPostprocessing = 0;
		};
		B9EC62421BDB881A0023A066 /* Resources */ = {
			isa = PBXResourcesBuildPhase;
			buildActionMask = 2147483647;
			files = (
				B9EC624D1BDB881A0023A066 /* Assets.xcassets in Resources */,
				B9EC624B1BDB881A0023A066 /* Interface.storyboard in Resources */,
			);
			runOnlyForDeploymentPostprocessing = 0;
		};
		B9EC62511BDB881B0023A066 /* Resources */ = {
			isa = PBXResourcesBuildPhase;
			buildActionMask = 2147483647;
			files = (
				B9EC62651BDB881B0023A066 /* Assets.xcassets in Resources */,
			);
			runOnlyForDeploymentPostprocessing = 0;
		};
/* End PBXResourcesBuildPhase section */

/* Begin PBXSourcesBuildPhase section */
		B9EC62181BDB881A0023A066 /* Sources */ = {
			isa = PBXSourcesBuildPhase;
			buildActionMask = 2147483647;
			files = (
				B9EC62221BDB881A0023A066 /* ViewController.swift in Sources */,
				B9EC62201BDB881A0023A066 /* AppDelegate.swift in Sources */,
			);
			runOnlyForDeploymentPostprocessing = 0;
		};
		B9EC622C1BDB881A0023A066 /* Sources */ = {
			isa = PBXSourcesBuildPhase;
			buildActionMask = 2147483647;
			files = (
				B9EC62351BDB881A0023A066 /* SmartvoxxTests.swift in Sources */,
			);
			runOnlyForDeploymentPostprocessing = 0;
		};
		B9EC62371BDB881A0023A066 /* Sources */ = {
			isa = PBXSourcesBuildPhase;
			buildActionMask = 2147483647;
			files = (
				B9EC62401BDB881A0023A066 /* SmartvoxxUITests.swift in Sources */,
			);
			runOnlyForDeploymentPostprocessing = 0;
		};
		B9EC624F1BDB881B0023A066 /* Sources */ = {
			isa = PBXSourcesBuildPhase;
			buildActionMask = 2147483647;
			files = (
				B9EC625F1BDB881B0023A066 /* NotificationController.swift in Sources */,
				B91B05EF1BEE0F5600C66059 /* Schedule+CoreDataProperties.swift in Sources */,
				B9EC627B1BDB8EF20023A066 /* Devoxx.swift in Sources */,
				B91B05D91BEE096900C66059 /* DevoxxCache.swift in Sources */,
				B9EC625D1BDB881B0023A066 /* ExtensionDelegate.swift in Sources */,
				B91B05EA1BEE0EF800C66059 /* Conference+CoreDataProperties.swift in Sources */,
				B944C9461BDBB41200AFEEB4 /* ScheduleInterfaceController.swift in Sources */,
				B91B05DC1BEE0A3500C66059 /* Smartvoxx.xcdatamodeld in Sources */,
				B9EC62631BDB881B0023A066 /* ComplicationController.swift in Sources */,
				B91B05EB1BEE0EF800C66059 /* Conference.swift in Sources */,
				B9EC625B1BDB881B0023A066 /* InterfaceController.swift in Sources */,
				B9EC62611BDB881B0023A066 /* GlanceController.swift in Sources */,
				B91B05F01BEE0F5600C66059 /* Schedule.swift in Sources */,
				B9EC62801BDBAB4A0023A066 /* ScheduleRowController.swift in Sources */,
			);
			runOnlyForDeploymentPostprocessing = 0;
		};
/* End PBXSourcesBuildPhase section */

/* Begin PBXTargetDependency section */
		B9EC62321BDB881A0023A066 /* PBXTargetDependency */ = {
			isa = PBXTargetDependency;
			target = B9EC621B1BDB881A0023A066 /* Smartvoxx */;
			targetProxy = B9EC62311BDB881A0023A066 /* PBXContainerItemProxy */;
		};
		B9EC623D1BDB881A0023A066 /* PBXTargetDependency */ = {
			isa = PBXTargetDependency;
			target = B9EC621B1BDB881A0023A066 /* Smartvoxx */;
			targetProxy = B9EC623C1BDB881A0023A066 /* PBXContainerItemProxy */;
		};
		B9EC62471BDB881A0023A066 /* PBXTargetDependency */ = {
			isa = PBXTargetDependency;
			target = B9EC62431BDB881A0023A066 /* Smartvoxx WatchKit App */;
			targetProxy = B9EC62461BDB881A0023A066 /* PBXContainerItemProxy */;
		};
		B9EC62561BDB881B0023A066 /* PBXTargetDependency */ = {
			isa = PBXTargetDependency;
			target = B9EC62521BDB881B0023A066 /* Smartvoxx WatchKit Extension */;
			targetProxy = B9EC62551BDB881B0023A066 /* PBXContainerItemProxy */;
		};
/* End PBXTargetDependency section */

/* Begin PBXVariantGroup section */
		B9EC62231BDB881A0023A066 /* Main.storyboard */ = {
			isa = PBXVariantGroup;
			children = (
				B9EC62241BDB881A0023A066 /* Base */,
			);
			name = Main.storyboard;
			sourceTree = "<group>";
		};
		B9EC62281BDB881A0023A066 /* LaunchScreen.storyboard */ = {
			isa = PBXVariantGroup;
			children = (
				B9EC62291BDB881A0023A066 /* Base */,
			);
			name = LaunchScreen.storyboard;
			sourceTree = "<group>";
		};
		B9EC62491BDB881A0023A066 /* Interface.storyboard */ = {
			isa = PBXVariantGroup;
			children = (
				B9EC624A1BDB881A0023A066 /* Base */,
			);
			name = Interface.storyboard;
			sourceTree = "<group>";
		};
/* End PBXVariantGroup section */

/* Begin XCBuildConfiguration section */
		B9EC62671BDB881B0023A066 /* Debug */ = {
			isa = XCBuildConfiguration;
			buildSettings = {
				ALWAYS_SEARCH_USER_PATHS = NO;
				CLANG_CXX_LANGUAGE_STANDARD = "gnu++0x";
				CLANG_CXX_LIBRARY = "libc++";
				CLANG_ENABLE_MODULES = YES;
				CLANG_ENABLE_OBJC_ARC = YES;
				CLANG_WARN_BOOL_CONVERSION = YES;
				CLANG_WARN_CONSTANT_CONVERSION = YES;
				CLANG_WARN_DIRECT_OBJC_ISA_USAGE = YES_ERROR;
				CLANG_WARN_EMPTY_BODY = YES;
				CLANG_WARN_ENUM_CONVERSION = YES;
				CLANG_WARN_INT_CONVERSION = YES;
				CLANG_WARN_OBJC_ROOT_CLASS = YES_ERROR;
				CLANG_WARN_UNREACHABLE_CODE = YES;
				CLANG_WARN__DUPLICATE_METHOD_MATCH = YES;
				"CODE_SIGN_IDENTITY[sdk=iphoneos*]" = "iPhone Developer";
				COPY_PHASE_STRIP = NO;
				DEBUG_INFORMATION_FORMAT = dwarf;
				ENABLE_STRICT_OBJC_MSGSEND = YES;
				ENABLE_TESTABILITY = YES;
				GCC_C_LANGUAGE_STANDARD = gnu99;
				GCC_DYNAMIC_NO_PIC = NO;
				GCC_NO_COMMON_BLOCKS = YES;
				GCC_OPTIMIZATION_LEVEL = 0;
				GCC_PREPROCESSOR_DEFINITIONS = (
					"DEBUG=1",
					"$(inherited)",
				);
				GCC_WARN_64_TO_32_BIT_CONVERSION = YES;
				GCC_WARN_ABOUT_RETURN_TYPE = YES_ERROR;
				GCC_WARN_UNDECLARED_SELECTOR = YES;
				GCC_WARN_UNINITIALIZED_AUTOS = YES_AGGRESSIVE;
				GCC_WARN_UNUSED_FUNCTION = YES;
				GCC_WARN_UNUSED_VARIABLE = YES;
				IPHONEOS_DEPLOYMENT_TARGET = 9.1;
				MTL_ENABLE_DEBUG_INFO = YES;
				ONLY_ACTIVE_ARCH = YES;
				SDKROOT = iphoneos;
				SWIFT_OPTIMIZATION_LEVEL = "-Onone";
			};
			name = Debug;
		};
		B9EC62681BDB881B0023A066 /* Release */ = {
			isa = XCBuildConfiguration;
			buildSettings = {
				ALWAYS_SEARCH_USER_PATHS = NO;
				CLANG_CXX_LANGUAGE_STANDARD = "gnu++0x";
				CLANG_CXX_LIBRARY = "libc++";
				CLANG_ENABLE_MODULES = YES;
				CLANG_ENABLE_OBJC_ARC = YES;
				CLANG_WARN_BOOL_CONVERSION = YES;
				CLANG_WARN_CONSTANT_CONVERSION = YES;
				CLANG_WARN_DIRECT_OBJC_ISA_USAGE = YES_ERROR;
				CLANG_WARN_EMPTY_BODY = YES;
				CLANG_WARN_ENUM_CONVERSION = YES;
				CLANG_WARN_INT_CONVERSION = YES;
				CLANG_WARN_OBJC_ROOT_CLASS = YES_ERROR;
				CLANG_WARN_UNREACHABLE_CODE = YES;
				CLANG_WARN__DUPLICATE_METHOD_MATCH = YES;
				"CODE_SIGN_IDENTITY[sdk=iphoneos*]" = "iPhone Developer";
				COPY_PHASE_STRIP = NO;
				DEBUG_INFORMATION_FORMAT = "dwarf-with-dsym";
				ENABLE_NS_ASSERTIONS = NO;
				ENABLE_STRICT_OBJC_MSGSEND = YES;
				GCC_C_LANGUAGE_STANDARD = gnu99;
				GCC_NO_COMMON_BLOCKS = YES;
				GCC_WARN_64_TO_32_BIT_CONVERSION = YES;
				GCC_WARN_ABOUT_RETURN_TYPE = YES_ERROR;
				GCC_WARN_UNDECLARED_SELECTOR = YES;
				GCC_WARN_UNINITIALIZED_AUTOS = YES_AGGRESSIVE;
				GCC_WARN_UNUSED_FUNCTION = YES;
				GCC_WARN_UNUSED_VARIABLE = YES;
				IPHONEOS_DEPLOYMENT_TARGET = 9.1;
				MTL_ENABLE_DEBUG_INFO = NO;
				SDKROOT = iphoneos;
				VALIDATE_PRODUCT = YES;
			};
			name = Release;
		};
		B9EC626A1BDB881B0023A066 /* Debug */ = {
			isa = XCBuildConfiguration;
			buildSettings = {
				ASSETCATALOG_COMPILER_COMPLICATION_NAME = Complication;
				INFOPLIST_FILE = "Smartvoxx WatchKit Extension/Info.plist";
				LD_RUNPATH_SEARCH_PATHS = "$(inherited) @executable_path/Frameworks @executable_path/../../Frameworks";
				PRODUCT_BUNDLE_IDENTIFIER = com.epseelon.Smartvoxx.watchkitapp.watchkitextension;
				PRODUCT_NAME = "${TARGET_NAME}";
				SDKROOT = watchos;
				SKIP_INSTALL = YES;
				TARGETED_DEVICE_FAMILY = 4;
				WATCHOS_DEPLOYMENT_TARGET = 2.0;
			};
			name = Debug;
		};
		B9EC626B1BDB881B0023A066 /* Release */ = {
			isa = XCBuildConfiguration;
			buildSettings = {
				ASSETCATALOG_COMPILER_COMPLICATION_NAME = Complication;
				INFOPLIST_FILE = "Smartvoxx WatchKit Extension/Info.plist";
				LD_RUNPATH_SEARCH_PATHS = "$(inherited) @executable_path/Frameworks @executable_path/../../Frameworks";
				PRODUCT_BUNDLE_IDENTIFIER = com.epseelon.Smartvoxx.watchkitapp.watchkitextension;
				PRODUCT_NAME = "${TARGET_NAME}";
				SDKROOT = watchos;
				SKIP_INSTALL = YES;
				TARGETED_DEVICE_FAMILY = 4;
				WATCHOS_DEPLOYMENT_TARGET = 2.0;
			};
			name = Release;
		};
		B9EC626E1BDB881B0023A066 /* Debug */ = {
			isa = XCBuildConfiguration;
			buildSettings = {
				ASSETCATALOG_COMPILER_APPICON_NAME = AppIcon;
				EMBEDDED_CONTENT_CONTAINS_SWIFT = YES;
				IBSC_MODULE = Smartvoxx_WatchKit_Extension;
				INFOPLIST_FILE = "Smartvoxx WatchKit App/Info.plist";
				PRODUCT_BUNDLE_IDENTIFIER = com.epseelon.Smartvoxx.watchkitapp;
				PRODUCT_NAME = "$(TARGET_NAME)";
				SDKROOT = watchos;
				SKIP_INSTALL = YES;
				TARGETED_DEVICE_FAMILY = 4;
				WATCHOS_DEPLOYMENT_TARGET = 2.0;
			};
			name = Debug;
		};
		B9EC626F1BDB881B0023A066 /* Release */ = {
			isa = XCBuildConfiguration;
			buildSettings = {
				ASSETCATALOG_COMPILER_APPICON_NAME = AppIcon;
				EMBEDDED_CONTENT_CONTAINS_SWIFT = YES;
				IBSC_MODULE = Smartvoxx_WatchKit_Extension;
				INFOPLIST_FILE = "Smartvoxx WatchKit App/Info.plist";
				PRODUCT_BUNDLE_IDENTIFIER = com.epseelon.Smartvoxx.watchkitapp;
				PRODUCT_NAME = "$(TARGET_NAME)";
				SDKROOT = watchos;
				SKIP_INSTALL = YES;
				TARGETED_DEVICE_FAMILY = 4;
				WATCHOS_DEPLOYMENT_TARGET = 2.0;
			};
			name = Release;
		};
		B9EC62721BDB881B0023A066 /* Debug */ = {
			isa = XCBuildConfiguration;
			buildSettings = {
				ASSETCATALOG_COMPILER_APPICON_NAME = AppIcon;
				INFOPLIST_FILE = Smartvoxx/Info.plist;
				LD_RUNPATH_SEARCH_PATHS = "$(inherited) @executable_path/Frameworks";
				PRODUCT_BUNDLE_IDENTIFIER = com.epseelon.Smartvoxx;
				PRODUCT_NAME = "$(TARGET_NAME)";
			};
			name = Debug;
		};
		B9EC62731BDB881B0023A066 /* Release */ = {
			isa = XCBuildConfiguration;
			buildSettings = {
				ASSETCATALOG_COMPILER_APPICON_NAME = AppIcon;
				INFOPLIST_FILE = Smartvoxx/Info.plist;
				LD_RUNPATH_SEARCH_PATHS = "$(inherited) @executable_path/Frameworks";
				PRODUCT_BUNDLE_IDENTIFIER = com.epseelon.Smartvoxx;
				PRODUCT_NAME = "$(TARGET_NAME)";
			};
			name = Release;
		};
		B9EC62751BDB881B0023A066 /* Debug */ = {
			isa = XCBuildConfiguration;
			buildSettings = {
				BUNDLE_LOADER = "$(TEST_HOST)";
				INFOPLIST_FILE = SmartvoxxTests/Info.plist;
				LD_RUNPATH_SEARCH_PATHS = "$(inherited) @executable_path/Frameworks @loader_path/Frameworks";
				PRODUCT_BUNDLE_IDENTIFIER = com.epseelon.SmartvoxxTests;
				PRODUCT_NAME = "$(TARGET_NAME)";
				TEST_HOST = "$(BUILT_PRODUCTS_DIR)/Smartvoxx.app/Smartvoxx";
			};
			name = Debug;
		};
		B9EC62761BDB881B0023A066 /* Release */ = {
			isa = XCBuildConfiguration;
			buildSettings = {
				BUNDLE_LOADER = "$(TEST_HOST)";
				INFOPLIST_FILE = SmartvoxxTests/Info.plist;
				LD_RUNPATH_SEARCH_PATHS = "$(inherited) @executable_path/Frameworks @loader_path/Frameworks";
				PRODUCT_BUNDLE_IDENTIFIER = com.epseelon.SmartvoxxTests;
				PRODUCT_NAME = "$(TARGET_NAME)";
				TEST_HOST = "$(BUILT_PRODUCTS_DIR)/Smartvoxx.app/Smartvoxx";
			};
			name = Release;
		};
		B9EC62781BDB881B0023A066 /* Debug */ = {
			isa = XCBuildConfiguration;
			buildSettings = {
				INFOPLIST_FILE = SmartvoxxUITests/Info.plist;
				LD_RUNPATH_SEARCH_PATHS = "$(inherited) @executable_path/Frameworks @loader_path/Frameworks";
				PRODUCT_BUNDLE_IDENTIFIER = com.epseelon.SmartvoxxUITests;
				PRODUCT_NAME = "$(TARGET_NAME)";
				TEST_TARGET_NAME = Smartvoxx;
				USES_XCTRUNNER = YES;
			};
			name = Debug;
		};
		B9EC62791BDB881B0023A066 /* Release */ = {
			isa = XCBuildConfiguration;
			buildSettings = {
				INFOPLIST_FILE = SmartvoxxUITests/Info.plist;
				LD_RUNPATH_SEARCH_PATHS = "$(inherited) @executable_path/Frameworks @loader_path/Frameworks";
				PRODUCT_BUNDLE_IDENTIFIER = com.epseelon.SmartvoxxUITests;
				PRODUCT_NAME = "$(TARGET_NAME)";
				TEST_TARGET_NAME = Smartvoxx;
				USES_XCTRUNNER = YES;
			};
			name = Release;
		};
/* End XCBuildConfiguration section */

/* Begin XCConfigurationList section */
		B9EC62171BDB881A0023A066 /* Build configuration list for PBXProject "Smartvoxx" */ = {
			isa = XCConfigurationList;
			buildConfigurations = (
				B9EC62671BDB881B0023A066 /* Debug */,
				B9EC62681BDB881B0023A066 /* Release */,
			);
			defaultConfigurationIsVisible = 0;
			defaultConfigurationName = Release;
		};
		B9EC62691BDB881B0023A066 /* Build configuration list for PBXNativeTarget "Smartvoxx WatchKit Extension" */ = {
			isa = XCConfigurationList;
			buildConfigurations = (
				B9EC626A1BDB881B0023A066 /* Debug */,
				B9EC626B1BDB881B0023A066 /* Release */,
			);
			defaultConfigurationIsVisible = 0;
			defaultConfigurationName = Release;
		};
		B9EC626D1BDB881B0023A066 /* Build configuration list for PBXNativeTarget "Smartvoxx WatchKit App" */ = {
			isa = XCConfigurationList;
			buildConfigurations = (
				B9EC626E1BDB881B0023A066 /* Debug */,
				B9EC626F1BDB881B0023A066 /* Release */,
			);
			defaultConfigurationIsVisible = 0;
			defaultConfigurationName = Release;
		};
		B9EC62711BDB881B0023A066 /* Build configuration list for PBXNativeTarget "Smartvoxx" */ = {
			isa = XCConfigurationList;
			buildConfigurations = (
				B9EC62721BDB881B0023A066 /* Debug */,
				B9EC62731BDB881B0023A066 /* Release */,
			);
			defaultConfigurationIsVisible = 0;
			defaultConfigurationName = Release;
		};
		B9EC62741BDB881B0023A066 /* Build configuration list for PBXNativeTarget "SmartvoxxTests" */ = {
			isa = XCConfigurationList;
			buildConfigurations = (
				B9EC62751BDB881B0023A066 /* Debug */,
				B9EC62761BDB881B0023A066 /* Release */,
			);
			defaultConfigurationIsVisible = 0;
			defaultConfigurationName = Release;
		};
		B9EC62771BDB881B0023A066 /* Build configuration list for PBXNativeTarget "SmartvoxxUITests" */ = {
			isa = XCConfigurationList;
			buildConfigurations = (
				B9EC62781BDB881B0023A066 /* Debug */,
				B9EC62791BDB881B0023A066 /* Release */,
			);
			defaultConfigurationIsVisible = 0;
			defaultConfigurationName = Release;
		};
/* End XCConfigurationList section */

/* Begin XCVersionGroup section */
		B91B05DA1BEE0A3500C66059 /* Smartvoxx.xcdatamodeld */ = {
			isa = XCVersionGroup;
			children = (
				B91B05DB1BEE0A3500C66059 /* Smartvoxx.xcdatamodel */,
			);
			currentVersion = B91B05DB1BEE0A3500C66059 /* Smartvoxx.xcdatamodel */;
			path = Smartvoxx.xcdatamodeld;
			sourceTree = "<group>";
			versionGroupType = wrapper.xcdatamodel;
		};
/* End XCVersionGroup section */
	};
	rootObject = B9EC62141BDB881A0023A066 /* Project object */;
}
